// !$*UTF8*$!
{
	archiveVersion = 1;
	classes = {
	};
	objectVersion = 56;
	objects = {

/* Begin PBXBuildFile section */
		B535595A291CD8C500D5D78D /* AppDelegate.swift in Sources */ = {isa = PBXBuildFile; fileRef = B5355959291CD8C500D5D78D /* AppDelegate.swift */; };
		B535595C291CD8C500D5D78D /* SceneDelegate.swift in Sources */ = {isa = PBXBuildFile; fileRef = B535595B291CD8C500D5D78D /* SceneDelegate.swift */; };
		B535595E291CD8C500D5D78D /* ViewController.swift in Sources */ = {isa = PBXBuildFile; fileRef = B535595D291CD8C500D5D78D /* ViewController.swift */; };
		B5355961291CD8C500D5D78D /* Main.storyboard in Resources */ = {isa = PBXBuildFile; fileRef = B535595F291CD8C500D5D78D /* Main.storyboard */; };
		B5355963291CD8C700D5D78D /* Assets.xcassets in Resources */ = {isa = PBXBuildFile; fileRef = B5355962291CD8C700D5D78D /* Assets.xcassets */; };
		B5355966291CD8C700D5D78D /* LaunchScreen.storyboard in Resources */ = {isa = PBXBuildFile; fileRef = B5355964291CD8C700D5D78D /* LaunchScreen.storyboard */; };
		B535596F291CE04100D5D78D /* FirebaseFunctions in Frameworks */ = {isa = PBXBuildFile; productRef = B535596E291CE04100D5D78D /* FirebaseFunctions */; };
		B5DCFFF0291CE518008F1BE6 /* GoogleService-Info.plist in Resources */ = {isa = PBXBuildFile; fileRef = B5DCFFEF291CE518008F1BE6 /* GoogleService-Info.plist */; };
		B5DCFFF3291D1EAA008F1BE6 /* FeedKit in Frameworks */ = {isa = PBXBuildFile; productRef = B5DCFFF2291D1EAA008F1BE6 /* FeedKit */; };
/* End PBXBuildFile section */

/* Begin PBXFileReference section */
		B5355956291CD8C500D5D78D /* Firebase_Rss.app */ = {isa = PBXFileReference; explicitFileType = wrapper.application; includeInIndex = 0; path = Firebase_Rss.app; sourceTree = BUILT_PRODUCTS_DIR; };
		B5355959291CD8C500D5D78D /* AppDelegate.swift */ = {isa = PBXFileReference; lastKnownFileType = sourcecode.swift; path = AppDelegate.swift; sourceTree = "<group>"; };
		B535595B291CD8C500D5D78D /* SceneDelegate.swift */ = {isa = PBXFileReference; lastKnownFileType = sourcecode.swift; path = SceneDelegate.swift; sourceTree = "<group>"; };
		B535595D291CD8C500D5D78D /* ViewController.swift */ = {isa = PBXFileReference; lastKnownFileType = sourcecode.swift; path = ViewController.swift; sourceTree = "<group>"; };
		B5355960291CD8C500D5D78D /* Base */ = {isa = PBXFileReference; lastKnownFileType = file.storyboard; name = Base; path = Base.lproj/Main.storyboard; sourceTree = "<group>"; };
		B5355962291CD8C700D5D78D /* Assets.xcassets */ = {isa = PBXFileReference; lastKnownFileType = folder.assetcatalog; path = Assets.xcassets; sourceTree = "<group>"; };
		B5355965291CD8C700D5D78D /* Base */ = {isa = PBXFileReference; lastKnownFileType = file.storyboard; name = Base; path = Base.lproj/LaunchScreen.storyboard; sourceTree = "<group>"; };
		B5355967291CD8C700D5D78D /* Info.plist */ = {isa = PBXFileReference; lastKnownFileType = text.plist.xml; path = Info.plist; sourceTree = "<group>"; };
		B5DCFFEF291CE518008F1BE6 /* GoogleService-Info.plist */ = {isa = PBXFileReference; fileEncoding = 4; lastKnownFileType = text.plist.xml; path = "GoogleService-Info.plist"; sourceTree = "<group>"; };
/* End PBXFileReference section */

/* Begin PBXFrameworksBuildPhase section */
		B5355953291CD8C500D5D78D /* Frameworks */ = {
			isa = PBXFrameworksBuildPhase;
			buildActionMask = 2147483647;
			files = (
				B535596F291CE04100D5D78D /* FirebaseFunctions in Frameworks */,
				B5DCFFF3291D1EAA008F1BE6 /* FeedKit in Frameworks */,
			);
			runOnlyForDeploymentPostprocessing = 0;
		};
/* End PBXFrameworksBuildPhase section */

/* Begin PBXGroup section */
		B535594D291CD8C500D5D78D = {
			isa = PBXGroup;
			children = (
				B5355958291CD8C500D5D78D /* Firebase_Rss */,
				B5355957291CD8C500D5D78D /* Products */,
			);
			sourceTree = "<group>";
		};
		B5355957291CD8C500D5D78D /* Products */ = {
			isa = PBXGroup;
			children = (
				B5355956291CD8C500D5D78D /* Firebase_Rss.app */,
			);
			name = Products;
			sourceTree = "<group>";
		};
		B5355958291CD8C500D5D78D /* Firebase_Rss */ = {
			isa = PBXGroup;
			children = (
				B5355959291CD8C500D5D78D /* AppDelegate.swift */,
				B535595B291CD8C500D5D78D /* SceneDelegate.swift */,
				B535595D291CD8C500D5D78D /* ViewController.swift */,
				B535595F291CD8C500D5D78D /* Main.storyboard */,
				B5355962291CD8C700D5D78D /* Assets.xcassets */,
				B5355964291CD8C700D5D78D /* LaunchScreen.storyboard */,
				B5355967291CD8C700D5D78D /* Info.plist */,
				B5DCFFEF291CE518008F1BE6 /* GoogleService-Info.plist */,
			);
			path = Firebase_Rss;
			sourceTree = "<group>";
		};
/* End PBXGroup section */

/* Begin PBXNativeTarget section */
		B5355955291CD8C500D5D78D /* Firebase_Rss */ = {
			isa = PBXNativeTarget;
			buildConfigurationList = B535596A291CD8C700D5D78D /* Build configuration list for PBXNativeTarget "Firebase_Rss" */;
			buildPhases = (
				B5355952291CD8C500D5D78D /* Sources */,
				B5355953291CD8C500D5D78D /* Frameworks */,
				B5355954291CD8C500D5D78D /* Resources */,
			);
			buildRules = (
			);
			dependencies = (
			);
			name = Firebase_Rss;
			packageProductDependencies = (
				B535596E291CE04100D5D78D /* FirebaseFunctions */,
				B5DCFFF2291D1EAA008F1BE6 /* FeedKit */,
			);
			productName = Firebase_Rss;
			productReference = B5355956291CD8C500D5D78D /* Firebase_Rss.app */;
			productType = "com.apple.product-type.application";
		};
/* End PBXNativeTarget section */

/* Begin PBXProject section */
		B535594E291CD8C500D5D78D /* Project object */ = {
			isa = PBXProject;
			attributes = {
				BuildIndependentTargetsInParallel = 1;
				LastSwiftUpdateCheck = 1400;
				LastUpgradeCheck = 1400;
				TargetAttributes = {
					B5355955291CD8C500D5D78D = {
						CreatedOnToolsVersion = 14.0;
					};
				};
			};
			buildConfigurationList = B5355951291CD8C500D5D78D /* Build configuration list for PBXProject "Firebase_Rss" */;
			compatibilityVersion = "Xcode 14.0";
			developmentRegion = en;
			hasScannedForEncodings = 0;
			knownRegions = (
				en,
				Base,
			);
			mainGroup = B535594D291CD8C500D5D78D;
			packageReferences = (
				B535596D291CE04100D5D78D /* XCRemoteSwiftPackageReference "firebase-ios-sdk" */,
				B5DCFFF1291D1EAA008F1BE6 /* XCRemoteSwiftPackageReference "FeedKit" */,
			);
			productRefGroup = B5355957291CD8C500D5D78D /* Products */;
			projectDirPath = "";
			projectRoot = "";
			targets = (
				B5355955291CD8C500D5D78D /* Firebase_Rss */,
			);
		};
/* End PBXProject section */

/* Begin PBXResourcesBuildPhase section */
		B5355954291CD8C500D5D78D /* Resources */ = {
			isa = PBXResourcesBuildPhase;
			buildActionMask = 2147483647;
			files = (
				B5355966291CD8C700D5D78D /* LaunchScreen.storyboard in Resources */,
				B5DCFFF0291CE518008F1BE6 /* GoogleService-Info.plist in Resources */,
				B5355963291CD8C700D5D78D /* Assets.xcassets in Resources */,
				B5355961291CD8C500D5D78D /* Main.storyboard in Resources */,
			);
			runOnlyForDeploymentPostprocessing = 0;
		};
/* End PBXResourcesBuildPhase section */

/* Begin PBXSourcesBuildPhase section */
		B5355952291CD8C500D5D78D /* Sources */ = {
			isa = PBXSourcesBuildPhase;
			buildActionMask = 2147483647;
			files = (
				B535595E291CD8C500D5D78D /* ViewController.swift in Sources */,
				B535595A291CD8C500D5D78D /* AppDelegate.swift in Sources */,
				B535595C291CD8C500D5D78D /* SceneDelegate.swift in Sources */,
			);
			runOnlyForDeploymentPostprocessing = 0;
		};
/* End PBXSourcesBuildPhase section */

/* Begin PBXVariantGroup section */
		B535595F291CD8C500D5D78D /* Main.storyboard */ = {
			isa = PBXVariantGroup;
			children = (
				B5355960291CD8C500D5D78D /* Base */,
			);
			name = Main.storyboard;
			sourceTree = "<group>";
		};
		B5355964291CD8C700D5D78D /* LaunchScreen.storyboard */ = {
			isa = PBXVariantGroup;
			children = (
				B5355965291CD8C700D5D78D /* Base */,
			);
			name = LaunchScreen.storyboard;
			sourceTree = "<group>";
		};
/* End PBXVariantGroup section */

/* Begin XCBuildConfiguration section */
		B5355968291CD8C700D5D78D /* Debug */ = {
			isa = XCBuildConfiguration;
			buildSettings = {
				ALWAYS_SEARCH_USER_PATHS = NO;
				CLANG_ANALYZER_NONNULL = YES;
				CLANG_ANALYZER_NUMBER_OBJECT_CONVERSION = YES_AGGRESSIVE;
				CLANG_CXX_LANGUAGE_STANDARD = "gnu++20";
				CLANG_ENABLE_MODULES = YES;
				CLANG_ENABLE_OBJC_ARC = YES;
				CLANG_ENABLE_OBJC_WEAK = YES;
				CLANG_WARN_BLOCK_CAPTURE_AUTORELEASING = YES;
				CLANG_WARN_BOOL_CONVERSION = YES;
				CLANG_WARN_COMMA = YES;
				CLANG_WARN_CONSTANT_CONVERSION = YES;
				CLANG_WARN_DEPRECATED_OBJC_IMPLEMENTATIONS = YES;
				CLANG_WARN_DIRECT_OBJC_ISA_USAGE = YES_ERROR;
				CLANG_WARN_DOCUMENTATION_COMMENTS = YES;
				CLANG_WARN_EMPTY_BODY = YES;
				CLANG_WARN_ENUM_CONVERSION = YES;
				CLANG_WARN_INFINITE_RECURSION = YES;
				CLANG_WARN_INT_CONVERSION = YES;
				CLANG_WARN_NON_LITERAL_NULL_CONVERSION = YES;
				CLANG_WARN_OBJC_IMPLICIT_RETAIN_SELF = YES;
				CLANG_WARN_OBJC_LITERAL_CONVERSION = YES;
				CLANG_WARN_OBJC_ROOT_CLASS = YES_ERROR;
				CLANG_WARN_QUOTED_INCLUDE_IN_FRAMEWORK_HEADER = YES;
				CLANG_WARN_RANGE_LOOP_ANALYSIS = YES;
				CLANG_WARN_STRICT_PROTOTYPES = YES;
				CLANG_WARN_SUSPICIOUS_MOVE = YES;
				CLANG_WARN_UNGUARDED_AVAILABILITY = YES_AGGRESSIVE;
				CLANG_WARN_UNREACHABLE_CODE = YES;
				CLANG_WARN__DUPLICATE_METHOD_MATCH = YES;
				COPY_PHASE_STRIP = NO;
				DEBUG_INFORMATION_FORMAT = dwarf;
				ENABLE_STRICT_OBJC_MSGSEND = YES;
				ENABLE_TESTABILITY = YES;
				GCC_C_LANGUAGE_STANDARD = gnu11;
				GCC_DYNAMIC_NO_PIC = NO;
				GCC_NO_COMMON_BLOCKS = YES;
				GCC_OPTIMIZATION_LEVEL = 0;
				GCC_PREPROCESSOR_DEFINITIONS = (
					"DEBUG=1",
					"$(inherited)",
				);
				GCC_WARN_64_TO_32_BIT_CONVERSION = YES;
				GCC_WARN_ABOUT_RETURN_TYPE = YES_ERROR;
				GCC_WARN_UNDECLARED_SELECTOR = YES;
				GCC_WARN_UNINITIALIZED_AUTOS = YES_AGGRESSIVE;
				GCC_WARN_UNUSED_FUNCTION = YES;
				GCC_WARN_UNUSED_VARIABLE = YES;
				IPHONEOS_DEPLOYMENT_TARGET = 16.0;
				MTL_ENABLE_DEBUG_INFO = INCLUDE_SOURCE;
				MTL_FAST_MATH = YES;
				ONLY_ACTIVE_ARCH = YES;
				SDKROOT = iphoneos;
				SWIFT_ACTIVE_COMPILATION_CONDITIONS = DEBUG;
				SWIFT_OPTIMIZATION_LEVEL = "-Onone";
			};
			name = Debug;
		};
		B5355969291CD8C700D5D78D /* Release */ = {
			isa = XCBuildConfiguration;
			buildSettings = {
				ALWAYS_SEARCH_USER_PATHS = NO;
				CLANG_ANALYZER_NONNULL = YES;
				CLANG_ANALYZER_NUMBER_OBJECT_CONVERSION = YES_AGGRESSIVE;
				CLANG_CXX_LANGUAGE_STANDARD = "gnu++20";
				CLANG_ENABLE_MODULES = YES;
				CLANG_ENABLE_OBJC_ARC = YES;
				CLANG_ENABLE_OBJC_WEAK = YES;
				CLANG_WARN_BLOCK_CAPTURE_AUTORELEASING = YES;
				CLANG_WARN_BOOL_CONVERSION = YES;
				CLANG_WARN_COMMA = YES;
				CLANG_WARN_CONSTANT_CONVERSION = YES;
				CLANG_WARN_DEPRECATED_OBJC_IMPLEMENTATIONS = YES;
				CLANG_WARN_DIRECT_OBJC_ISA_USAGE = YES_ERROR;
				CLANG_WARN_DOCUMENTATION_COMMENTS = YES;
				CLANG_WARN_EMPTY_BODY = YES;
				CLANG_WARN_ENUM_CONVERSION = YES;
				CLANG_WARN_INFINITE_RECURSION = YES;
				CLANG_WARN_INT_CONVERSION = YES;
				CLANG_WARN_NON_LITERAL_NULL_CONVERSION = YES;
				CLANG_WARN_OBJC_IMPLICIT_RETAIN_SELF = YES;
				CLANG_WARN_OBJC_LITERAL_CONVERSION = YES;
				CLANG_WARN_OBJC_ROOT_CLASS = YES_ERROR;
				CLANG_WARN_QUOTED_INCLUDE_IN_FRAMEWORK_HEADER = YES;
				CLANG_WARN_RANGE_LOOP_ANALYSIS = YES;
				CLANG_WARN_STRICT_PROTOTYPES = YES;
				CLANG_WARN_SUSPICIOUS_MOVE = YES;
				CLANG_WARN_UNGUARDED_AVAILABILITY = YES_AGGRESSIVE;
				CLANG_WARN_UNREACHABLE_CODE = YES;
				CLANG_WARN__DUPLICATE_METHOD_MATCH = YES;
				COPY_PHASE_STRIP = NO;
				DEBUG_INFORMATION_FORMAT = "dwarf-with-dsym";
				ENABLE_NS_ASSERTIONS = NO;
				ENABLE_STRICT_OBJC_MSGSEND = YES;
				GCC_C_LANGUAGE_STANDARD = gnu11;
				GCC_NO_COMMON_BLOCKS = YES;
				GCC_WARN_64_TO_32_BIT_CONVERSION = YES;
				GCC_WARN_ABOUT_RETURN_TYPE = YES_ERROR;
				GCC_WARN_UNDECLARED_SELECTOR = YES;
				GCC_WARN_UNINITIALIZED_AUTOS = YES_AGGRESSIVE;
				GCC_WARN_UNUSED_FUNCTION = YES;
				GCC_WARN_UNUSED_VARIABLE = YES;
				IPHONEOS_DEPLOYMENT_TARGET = 16.0;
				MTL_ENABLE_DEBUG_INFO = NO;
				MTL_FAST_MATH = YES;
				SDKROOT = iphoneos;
				SWIFT_COMPILATION_MODE = wholemodule;
				SWIFT_OPTIMIZATION_LEVEL = "-O";
				VALIDATE_PRODUCT = YES;
			};
			name = Release;
		};
		B535596B291CD8C700D5D78D /* Debug */ = {
			isa = XCBuildConfiguration;
			buildSettings = {
				ASSETCATALOG_COMPILER_APPICON_NAME = AppIcon;
				ASSETCATALOG_COMPILER_GLOBAL_ACCENT_COLOR_NAME = AccentColor;
				CODE_SIGN_STYLE = Automatic;
				CURRENT_PROJECT_VERSION = 1;
				DEVELOPMENT_TEAM = AVZ9493N69;
				GENERATE_INFOPLIST_FILE = YES;
				INFOPLIST_FILE = Firebase_Rss/Info.plist;
				INFOPLIST_KEY_UIApplicationSupportsIndirectInputEvents = YES;
				INFOPLIST_KEY_UILaunchStoryboardName = LaunchScreen;
				INFOPLIST_KEY_UIMainStoryboardFile = Main;
				INFOPLIST_KEY_UISupportedInterfaceOrientations_iPad = "UIInterfaceOrientationPortrait UIInterfaceOrientationPortraitUpsideDown UIInterfaceOrientationLandscapeLeft UIInterfaceOrientationLandscapeRight";
				INFOPLIST_KEY_UISupportedInterfaceOrientations_iPhone = "UIInterfaceOrientationPortrait UIInterfaceOrientationLandscapeLeft UIInterfaceOrientationLandscapeRight";
				LD_RUNPATH_SEARCH_PATHS = (
					"$(inherited)",
					"@executable_path/Frameworks",
				);
				MARKETING_VERSION = 1.0;
				PRODUCT_BUNDLE_IDENTIFIER = "com.miniOS.Firebase-Rss";
				PRODUCT_NAME = "$(TARGET_NAME)";
				SWIFT_EMIT_LOC_STRINGS = YES;
				SWIFT_VERSION = 5.0;
				TARGETED_DEVICE_FAMILY = "1,2";
			};
			name = Debug;
		};
		B535596C291CD8C700D5D78D /* Release */ = {
			isa = XCBuildConfiguration;
			buildSettings = {
				ASSETCATALOG_COMPILER_APPICON_NAME = AppIcon;
				ASSETCATALOG_COMPILER_GLOBAL_ACCENT_COLOR_NAME = AccentColor;
				CODE_SIGN_STYLE = Automatic;
				CURRENT_PROJECT_VERSION = 1;
				DEVELOPMENT_TEAM = AVZ9493N69;
				GENERATE_INFOPLIST_FILE = YES;
				INFOPLIST_FILE = Firebase_Rss/Info.plist;
				INFOPLIST_KEY_UIApplicationSupportsIndirectInputEvents = YES;
				INFOPLIST_KEY_UILaunchStoryboardName = LaunchScreen;
				INFOPLIST_KEY_UIMainStoryboardFile = Main;
				INFOPLIST_KEY_UISupportedInterfaceOrientations_iPad = "UIInterfaceOrientationPortrait UIInterfaceOrientationPortraitUpsideDown UIInterfaceOrientationLandscapeLeft UIInterfaceOrientationLandscapeRight";
				INFOPLIST_KEY_UISupportedInterfaceOrientations_iPhone = "UIInterfaceOrientationPortrait UIInterfaceOrientationLandscapeLeft UIInterfaceOrientationLandscapeRight";
				LD_RUNPATH_SEARCH_PATHS = (
					"$(inherited)",
					"@executable_path/Frameworks",
				);
				MARKETING_VERSION = 1.0;
				PRODUCT_BUNDLE_IDENTIFIER = "com.miniOS.Firebase-Rss";
				PRODUCT_NAME = "$(TARGET_NAME)";
				SWIFT_EMIT_LOC_STRINGS = YES;
				SWIFT_VERSION = 5.0;
				TARGETED_DEVICE_FAMILY = "1,2";
			};
			name = Release;
		};
/* End XCBuildConfiguration section */

/* Begin XCConfigurationList section */
		B5355951291CD8C500D5D78D /* Build configuration list for PBXProject "Firebase_Rss" */ = {
			isa = XCConfigurationList;
			buildConfigurations = (
				B5355968291CD8C700D5D78D /* Debug */,
				B5355969291CD8C700D5D78D /* Release */,
			);
			defaultConfigurationIsVisible = 0;
			defaultConfigurationName = Release;
		};
		B535596A291CD8C700D5D78D /* Build configuration list for PBXNativeTarget "Firebase_Rss" */ = {
			isa = XCConfigurationList;
			buildConfigurations = (
				B535596B291CD8C700D5D78D /* Debug */,
				B535596C291CD8C700D5D78D /* Release */,
			);
			defaultConfigurationIsVisible = 0;
			defaultConfigurationName = Release;
		};
/* End XCConfigurationList section */

/* Begin XCRemoteSwiftPackageReference section */
		B535596D291CE04100D5D78D /* XCRemoteSwiftPackageReference "firebase-ios-sdk" */ = {
			isa = XCRemoteSwiftPackageReference;
			repositoryURL = "https://github.com/firebase/firebase-ios-sdk.git";
			requirement = {
				kind = upToNextMinorVersion;
				minimumVersion = 9.6.0;
			};
		};
		B5DCFFF1291D1EAA008F1BE6 /* XCRemoteSwiftPackageReference "FeedKit" */ = {
			isa = XCRemoteSwiftPackageReference;
			repositoryURL = "https://github.com/nmdias/FeedKit";
			requirement = {
				kind = upToNextMinorVersion;
				minimumVersion = 9.1.0;
			};
		};
/* End XCRemoteSwiftPackageReference section */

/* Begin XCSwiftPackageProductDependency section */
		B535596E291CE04100D5D78D /* FirebaseFunctions */ = {
			isa = XCSwiftPackageProductDependency;
			package = B535596D291CE04100D5D78D /* XCRemoteSwiftPackageReference "firebase-ios-sdk" */;
			productName = FirebaseFunctions;
		};
		B5DCFFF2291D1EAA008F1BE6 /* FeedKit */ = {
			isa = XCSwiftPackageProductDependency;
			package = B5DCFFF1291D1EAA008F1BE6 /* XCRemoteSwiftPackageReference "FeedKit" */;
			productName = FeedKit;
		};
/* End XCSwiftPackageProductDependency section */
	};
	rootObject = B535594E291CD8C500D5D78D /* Project object */;
}
